// !$*UTF8*$!
{
	archiveVersion = 1;
	classes = {
	};
	objectVersion = 56;
	objects = {

/* Begin PBXBuildFile section */
		AC6516952A38AE54009DF9EC /* ProfileViewController.swift in Sources */ = {isa = PBXBuildFile; fileRef = AC6516942A38AE54009DF9EC /* ProfileViewController.swift */; };
		AC6516982A38D883009DF9EC /* PsetViewController.swift in Sources */ = {isa = PBXBuildFile; fileRef = AC6516972A38D883009DF9EC /* PsetViewController.swift */; };
		AC9991E62A377FEB00FD7AB0 /* AppDelegate.swift in Sources */ = {isa = PBXBuildFile; fileRef = AC9991E52A377FEB00FD7AB0 /* AppDelegate.swift */; };
		AC9991E82A377FEB00FD7AB0 /* SceneDelegate.swift in Sources */ = {isa = PBXBuildFile; fileRef = AC9991E72A377FEB00FD7AB0 /* SceneDelegate.swift */; };
		AC9991EA2A377FEB00FD7AB0 /* ViewController.swift in Sources */ = {isa = PBXBuildFile; fileRef = AC9991E92A377FEB00FD7AB0 /* ViewController.swift */; };
		AC9991ED2A377FEB00FD7AB0 /* Main.storyboard in Resources */ = {isa = PBXBuildFile; fileRef = AC9991EB2A377FEB00FD7AB0 /* Main.storyboard */; };
		AC9991EF2A377FEC00FD7AB0 /* Assets.xcassets in Resources */ = {isa = PBXBuildFile; fileRef = AC9991EE2A377FEC00FD7AB0 /* Assets.xcassets */; };
		AC9991F22A377FEC00FD7AB0 /* LaunchScreen.storyboard in Resources */ = {isa = PBXBuildFile; fileRef = AC9991F02A377FEC00FD7AB0 /* LaunchScreen.storyboard */; };
		AC9991FA2A37862E00FD7AB0 /* MenuViewController.swift in Sources */ = {isa = PBXBuildFile; fileRef = AC9991F92A37862E00FD7AB0 /* MenuViewController.swift */; };
		ACD0EBDB2A462B73003383B9 /* CoveredByYourGrace-Regular.ttf in Resources */ = {isa = PBXBuildFile; fileRef = ACD0EBDA2A462B73003383B9 /* CoveredByYourGrace-Regular.ttf */; };
		ACD0EBDD2A462D67003383B9 /* Constants.swift in Sources */ = {isa = PBXBuildFile; fileRef = ACD0EBDC2A462D67003383B9 /* Constants.swift */; };
/* End PBXBuildFile section */

/* Begin PBXFileReference section */
		AC6516942A38AE54009DF9EC /* ProfileViewController.swift */ = {isa = PBXFileReference; lastKnownFileType = sourcecode.swift; path = ProfileViewController.swift; sourceTree = "<group>"; };
		AC6516972A38D883009DF9EC /* PsetViewController.swift */ = {isa = PBXFileReference; lastKnownFileType = sourcecode.swift; path = PsetViewController.swift; sourceTree = "<group>"; };
		AC9991E22A377FEB00FD7AB0 /* EducationalApp.app */ = {isa = PBXFileReference; explicitFileType = wrapper.application; includeInIndex = 0; path = EducationalApp.app; sourceTree = BUILT_PRODUCTS_DIR; };
		AC9991E52A377FEB00FD7AB0 /* AppDelegate.swift */ = {isa = PBXFileReference; lastKnownFileType = sourcecode.swift; path = AppDelegate.swift; sourceTree = "<group>"; };
		AC9991E72A377FEB00FD7AB0 /* SceneDelegate.swift */ = {isa = PBXFileReference; lastKnownFileType = sourcecode.swift; path = SceneDelegate.swift; sourceTree = "<group>"; };
		AC9991E92A377FEB00FD7AB0 /* ViewController.swift */ = {isa = PBXFileReference; lastKnownFileType = sourcecode.swift; path = ViewController.swift; sourceTree = "<group>"; };
		AC9991EC2A377FEB00FD7AB0 /* Base */ = {isa = PBXFileReference; lastKnownFileType = file.storyboard; name = Base; path = Base.lproj/Main.storyboard; sourceTree = "<group>"; };
		AC9991EE2A377FEC00FD7AB0 /* Assets.xcassets */ = {isa = PBXFileReference; lastKnownFileType = folder.assetcatalog; path = Assets.xcassets; sourceTree = "<group>"; };
		AC9991F12A377FEC00FD7AB0 /* Base */ = {isa = PBXFileReference; lastKnownFileType = file.storyboard; name = Base; path = Base.lproj/LaunchScreen.storyboard; sourceTree = "<group>"; };
		AC9991F32A377FEC00FD7AB0 /* Info.plist */ = {isa = PBXFileReference; lastKnownFileType = text.plist.xml; path = Info.plist; sourceTree = "<group>"; };
		AC9991F92A37862E00FD7AB0 /* MenuViewController.swift */ = {isa = PBXFileReference; lastKnownFileType = sourcecode.swift; path = MenuViewController.swift; sourceTree = "<group>"; };
		ACD0EBDA2A462B73003383B9 /* CoveredByYourGrace-Regular.ttf */ = {isa = PBXFileReference; lastKnownFileType = file; path = "CoveredByYourGrace-Regular.ttf"; sourceTree = "<group>"; };
		ACD0EBDC2A462D67003383B9 /* Constants.swift */ = {isa = PBXFileReference; lastKnownFileType = sourcecode.swift; path = Constants.swift; sourceTree = "<group>"; };
/* End PBXFileReference section */

/* Begin PBXFrameworksBuildPhase section */
		AC9991DF2A377FEB00FD7AB0 /* Frameworks */ = {
			isa = PBXFrameworksBuildPhase;
			buildActionMask = 2147483647;
			files = (
			);
			runOnlyForDeploymentPostprocessing = 0;
		};
/* End PBXFrameworksBuildPhase section */

/* Begin PBXGroup section */
		AC9991D92A377FEB00FD7AB0 = {
			isa = PBXGroup;
			children = (
				AC9991E42A377FEB00FD7AB0 /* EducationalApp */,
				AC9991E32A377FEB00FD7AB0 /* Products */,
			);
			sourceTree = "<group>";
		};
		AC9991E32A377FEB00FD7AB0 /* Products */ = {
			isa = PBXGroup;
			children = (
				AC9991E22A377FEB00FD7AB0 /* EducationalApp.app */,
			);
			name = Products;
			sourceTree = "<group>";
		};
		AC9991E42A377FEB00FD7AB0 /* EducationalApp */ = {
			isa = PBXGroup;
			children = (
				ACD0EBD92A462AEF003383B9 /* Fonts */,
				AC9991E52A377FEB00FD7AB0 /* AppDelegate.swift */,
				AC9991E72A377FEB00FD7AB0 /* SceneDelegate.swift */,
				AC9991E92A377FEB00FD7AB0 /* ViewController.swift */,
				AC9991F92A37862E00FD7AB0 /* MenuViewController.swift */,
				AC6516942A38AE54009DF9EC /* ProfileViewController.swift */,
				AC6516972A38D883009DF9EC /* PsetViewController.swift */,
				ACD0EBDC2A462D67003383B9 /* Constants.swift */,
				AC9991EB2A377FEB00FD7AB0 /* Main.storyboard */,
				AC9991EE2A377FEC00FD7AB0 /* Assets.xcassets */,
				AC9991F02A377FEC00FD7AB0 /* LaunchScreen.storyboard */,
				AC9991F32A377FEC00FD7AB0 /* Info.plist */,
			);
			path = EducationalApp;
			sourceTree = "<group>";
		};
		ACD0EBD92A462AEF003383B9 /* Fonts */ = {
			isa = PBXGroup;
			children = (
				ACD0EBDA2A462B73003383B9 /* CoveredByYourGrace-Regular.ttf */,
			);
			path = Fonts;
			sourceTree = "<group>";
		};
/* End PBXGroup section */

/* Begin PBXNativeTarget section */
		AC9991E12A377FEB00FD7AB0 /* EducationalApp */ = {
			isa = PBXNativeTarget;
			buildConfigurationList = AC9991F62A377FEC00FD7AB0 /* Build configuration list for PBXNativeTarget "EducationalApp" */;
			buildPhases = (
				AC9991DE2A377FEB00FD7AB0 /* Sources */,
				AC9991DF2A377FEB00FD7AB0 /* Frameworks */,
				AC9991E02A377FEB00FD7AB0 /* Resources */,
			);
			buildRules = (
			);
			dependencies = (
			);
			name = EducationalApp;
			productName = EducationalApp;
			productReference = AC9991E22A377FEB00FD7AB0 /* EducationalApp.app */;
			productType = "com.apple.product-type.application";
		};
/* End PBXNativeTarget section */

/* Begin PBXProject section */
		AC9991DA2A377FEB00FD7AB0 /* Project object */ = {
			isa = PBXProject;
			attributes = {
				BuildIndependentTargetsInParallel = 1;
				LastSwiftUpdateCheck = 1430;
				LastUpgradeCheck = 1430;
				TargetAttributes = {
					AC9991E12A377FEB00FD7AB0 = {
						CreatedOnToolsVersion = 14.3.1;
					};
				};
			};
			buildConfigurationList = AC9991DD2A377FEB00FD7AB0 /* Build configuration list for PBXProject "EducationalApp" */;
			compatibilityVersion = "Xcode 14.0";
			developmentRegion = en;
			hasScannedForEncodings = 0;
			knownRegions = (
				en,
				Base,
			);
			mainGroup = AC9991D92A377FEB00FD7AB0;
			productRefGroup = AC9991E32A377FEB00FD7AB0 /* Products */;
			projectDirPath = "";
			projectRoot = "";
			targets = (
				AC9991E12A377FEB00FD7AB0 /* EducationalApp */,
			);
		};
/* End PBXProject section */

/* Begin PBXResourcesBuildPhase section */
		AC9991E02A377FEB00FD7AB0 /* Resources */ = {
			isa = PBXResourcesBuildPhase;
			buildActionMask = 2147483647;
			files = (
				AC9991F22A377FEC00FD7AB0 /* LaunchScreen.storyboard in Resources */,
				ACD0EBDB2A462B73003383B9 /* CoveredByYourGrace-Regular.ttf in Resources */,
				AC9991EF2A377FEC00FD7AB0 /* Assets.xcassets in Resources */,
				AC9991ED2A377FEB00FD7AB0 /* Main.storyboard in Resources */,
			);
			runOnlyForDeploymentPostprocessing = 0;
		};
/* End PBXResourcesBuildPhase section */

/* Begin PBXSourcesBuildPhase section */
		AC9991DE2A377FEB00FD7AB0 /* Sources */ = {
			isa = PBXSourcesBuildPhase;
			buildActionMask = 2147483647;
			files = (
				AC6516982A38D883009DF9EC /* PsetViewController.swift in Sources */,
				AC9991EA2A377FEB00FD7AB0 /* ViewController.swift in Sources */,
				ACD0EBDD2A462D67003383B9 /* Constants.swift in Sources */,
				AC9991E62A377FEB00FD7AB0 /* AppDelegate.swift in Sources */,
				AC6516952A38AE54009DF9EC /* ProfileViewController.swift in Sources */,
				AC9991E82A377FEB00FD7AB0 /* SceneDelegate.swift in Sources */,
				AC9991FA2A37862E00FD7AB0 /* MenuViewController.swift in Sources */,
			);
			runOnlyForDeploymentPostprocessing = 0;
		};
/* End PBXSourcesBuildPhase section */

/* Begin PBXVariantGroup section */
		AC9991EB2A377FEB00FD7AB0 /* Main.storyboard */ = {
			isa = PBXVariantGroup;
			children = (
				AC9991EC2A377FEB00FD7AB0 /* Base */,
			);
			name = Main.storyboard;
			sourceTree = "<group>";
		};
		AC9991F02A377FEC00FD7AB0 /* LaunchScreen.storyboard */ = {
			isa = PBXVariantGroup;
			children = (
				AC9991F12A377FEC00FD7AB0 /* Base */,
			);
			name = LaunchScreen.storyboard;
			sourceTree = "<group>";
		};
/* End PBXVariantGroup section */

/* Begin XCBuildConfiguration section */
		AC9991F42A377FEC00FD7AB0 /* Debug */ = {
			isa = XCBuildConfiguration;
			buildSettings = {
				ALWAYS_SEARCH_USER_PATHS = NO;
				CLANG_ANALYZER_NONNULL = YES;
				CLANG_ANALYZER_NUMBER_OBJECT_CONVERSION = YES_AGGRESSIVE;
				CLANG_CXX_LANGUAGE_STANDARD = "gnu++20";
				CLANG_ENABLE_MODULES = YES;
				CLANG_ENABLE_OBJC_ARC = YES;
				CLANG_ENABLE_OBJC_WEAK = YES;
				CLANG_WARN_BLOCK_CAPTURE_AUTORELEASING = YES;
				CLANG_WARN_BOOL_CONVERSION = YES;
				CLANG_WARN_COMMA = YES;
				CLANG_WARN_CONSTANT_CONVERSION = YES;
				CLANG_WARN_DEPRECATED_OBJC_IMPLEMENTATIONS = YES;
				CLANG_WARN_DIRECT_OBJC_ISA_USAGE = YES_ERROR;
				CLANG_WARN_DOCUMENTATION_COMMENTS = YES;
				CLANG_WARN_EMPTY_BODY = YES;
				CLANG_WARN_ENUM_CONVERSION = YES;
				CLANG_WARN_INFINITE_RECURSION = YES;
				CLANG_WARN_INT_CONVERSION = YES;
				CLANG_WARN_NON_LITERAL_NULL_CONVERSION = YES;
				CLANG_WARN_OBJC_IMPLICIT_RETAIN_SELF = YES;
				CLANG_WARN_OBJC_LITERAL_CONVERSION = YES;
				CLANG_WARN_OBJC_ROOT_CLASS = YES_ERROR;
				CLANG_WARN_QUOTED_INCLUDE_IN_FRAMEWORK_HEADER = YES;
				CLANG_WARN_RANGE_LOOP_ANALYSIS = YES;
				CLANG_WARN_STRICT_PROTOTYPES = YES;
				CLANG_WARN_SUSPICIOUS_MOVE = YES;
				CLANG_WARN_UNGUARDED_AVAILABILITY = YES_AGGRESSIVE;
				CLANG_WARN_UNREACHABLE_CODE = YES;
				CLANG_WARN__DUPLICATE_METHOD_MATCH = YES;
				COPY_PHASE_STRIP = NO;
				DEBUG_INFORMATION_FORMAT = dwarf;
				ENABLE_STRICT_OBJC_MSGSEND = YES;
				ENABLE_TESTABILITY = YES;
				GCC_C_LANGUAGE_STANDARD = gnu11;
				GCC_DYNAMIC_NO_PIC = NO;
				GCC_NO_COMMON_BLOCKS = YES;
				GCC_OPTIMIZATION_LEVEL = 0;
				GCC_PREPROCESSOR_DEFINITIONS = (
					"DEBUG=1",
					"$(inherited)",
				);
				GCC_WARN_64_TO_32_BIT_CONVERSION = YES;
				GCC_WARN_ABOUT_RETURN_TYPE = YES_ERROR;
				GCC_WARN_UNDECLARED_SELECTOR = YES;
				GCC_WARN_UNINITIALIZED_AUTOS = YES_AGGRESSIVE;
				GCC_WARN_UNUSED_FUNCTION = YES;
				GCC_WARN_UNUSED_VARIABLE = YES;
				IPHONEOS_DEPLOYMENT_TARGET = 16.4;
				MTL_ENABLE_DEBUG_INFO = INCLUDE_SOURCE;
				MTL_FAST_MATH = YES;
				ONLY_ACTIVE_ARCH = YES;
				SDKROOT = iphoneos;
				SWIFT_ACTIVE_COMPILATION_CONDITIONS = DEBUG;
				SWIFT_OPTIMIZATION_LEVEL = "-Onone";
			};
			name = Debug;
		};
		AC9991F52A377FEC00FD7AB0 /* Release */ = {
			isa = XCBuildConfiguration;
			buildSettings = {
				ALWAYS_SEARCH_USER_PATHS = NO;
				CLANG_ANALYZER_NONNULL = YES;
				CLANG_ANALYZER_NUMBER_OBJECT_CONVERSION = YES_AGGRESSIVE;
				CLANG_CXX_LANGUAGE_STANDARD = "gnu++20";
				CLANG_ENABLE_MODULES = YES;
				CLANG_ENABLE_OBJC_ARC = YES;
				CLANG_ENABLE_OBJC_WEAK = YES;
				CLANG_WARN_BLOCK_CAPTURE_AUTORELEASING = YES;
				CLANG_WARN_BOOL_CONVERSION = YES;
				CLANG_WARN_COMMA = YES;
				CLANG_WARN_CONSTANT_CONVERSION = YES;
				CLANG_WARN_DEPRECATED_OBJC_IMPLEMENTATIONS = YES;
				CLANG_WARN_DIRECT_OBJC_ISA_USAGE = YES_ERROR;
				CLANG_WARN_DOCUMENTATION_COMMENTS = YES;
				CLANG_WARN_EMPTY_BODY = YES;
				CLANG_WARN_ENUM_CONVERSION = YES;
				CLANG_WARN_INFINITE_RECURSION = YES;
				CLANG_WARN_INT_CONVERSION = YES;
				CLANG_WARN_NON_LITERAL_NULL_CONVERSION = YES;
				CLANG_WARN_OBJC_IMPLICIT_RETAIN_SELF = YES;
				CLANG_WARN_OBJC_LITERAL_CONVERSION = YES;
				CLANG_WARN_OBJC_ROOT_CLASS = YES_ERROR;
				CLANG_WARN_QUOTED_INCLUDE_IN_FRAMEWORK_HEADER = YES;
				CLANG_WARN_RANGE_LOOP_ANALYSIS = YES;
				CLANG_WARN_STRICT_PROTOTYPES = YES;
				CLANG_WARN_SUSPICIOUS_MOVE = YES;
				CLANG_WARN_UNGUARDED_AVAILABILITY = YES_AGGRESSIVE;
				CLANG_WARN_UNREACHABLE_CODE = YES;
				CLANG_WARN__DUPLICATE_METHOD_MATCH = YES;
				COPY_PHASE_STRIP = NO;
				DEBUG_INFORMATION_FORMAT = "dwarf-with-dsym";
				ENABLE_NS_ASSERTIONS = NO;
				ENABLE_STRICT_OBJC_MSGSEND = YES;
				GCC_C_LANGUAGE_STANDARD = gnu11;
				GCC_NO_COMMON_BLOCKS = YES;
				GCC_WARN_64_TO_32_BIT_CONVERSION = YES;
				GCC_WARN_ABOUT_RETURN_TYPE = YES_ERROR;
				GCC_WARN_UNDECLARED_SELECTOR = YES;
				GCC_WARN_UNINITIALIZED_AUTOS = YES_AGGRESSIVE;
				GCC_WARN_UNUSED_FUNCTION = YES;
				GCC_WARN_UNUSED_VARIABLE = YES;
				IPHONEOS_DEPLOYMENT_TARGET = 16.4;
				MTL_ENABLE_DEBUG_INFO = NO;
				MTL_FAST_MATH = YES;
				SDKROOT = iphoneos;
				SWIFT_COMPILATION_MODE = wholemodule;
				SWIFT_OPTIMIZATION_LEVEL = "-O";
				VALIDATE_PRODUCT = YES;
			};
			name = Release;
		};
		AC9991F72A377FEC00FD7AB0 /* Debug */ = {
			isa = XCBuildConfiguration;
			buildSettings = {
				ASSETCATALOG_COMPILER_APPICON_NAME = AppIcon;
				ASSETCATALOG_COMPILER_GLOBAL_ACCENT_COLOR_NAME = AccentColor;
				CODE_SIGN_STYLE = Automatic;
				CURRENT_PROJECT_VERSION = 1;
				GENERATE_INFOPLIST_FILE = YES;
				INFOPLIST_FILE = EducationalApp/Info.plist;
				INFOPLIST_KEY_UIApplicationSupportsIndirectInputEvents = YES;
				INFOPLIST_KEY_UILaunchStoryboardName = LaunchScreen;
				INFOPLIST_KEY_UIMainStoryboardFile = Main;
				INFOPLIST_KEY_UISupportedInterfaceOrientations_iPad = "UIInterfaceOrientationPortrait UIInterfaceOrientationPortraitUpsideDown UIInterfaceOrientationLandscapeLeft UIInterfaceOrientationLandscapeRight";
				INFOPLIST_KEY_UISupportedInterfaceOrientations_iPhone = "UIInterfaceOrientationPortrait UIInterfaceOrientationLandscapeLeft UIInterfaceOrientationLandscapeRight";
				LD_RUNPATH_SEARCH_PATHS = (
					"$(inherited)",
					"@executable_path/Frameworks",
				);
				MARKETING_VERSION = 1.0;
				PRODUCT_BUNDLE_IDENTIFIER = vivianzhou.EducationalApp;
				PRODUCT_NAME = "$(TARGET_NAME)";
				SWIFT_EMIT_LOC_STRINGS = YES;
				SWIFT_VERSION = 5.0;
				TARGETED_DEVICE_FAMILY = "1,2";
			};
			name = Debug;
		};
		AC9991F82A377FEC00FD7AB0 /* Release */ = {
			isa = XCBuildConfiguration;
			buildSettings = {
				ASSETCATALOG_COMPILER_APPICON_NAME = AppIcon;
				ASSETCATALOG_COMPILER_GLOBAL_ACCENT_COLOR_NAME = AccentColor;
				CODE_SIGN_STYLE = Automatic;
				CURRENT_PROJECT_VERSION = 1;
				GENERATE_INFOPLIST_FILE = YES;
				INFOPLIST_FILE = EducationalApp/Info.plist;
				INFOPLIST_KEY_UIApplicationSupportsIndirectInputEvents = YES;
				INFOPLIST_KEY_UILaunchStoryboardName = LaunchScreen;
				INFOPLIST_KEY_UIMainStoryboardFile = Main;
				INFOPLIST_KEY_UISupportedInterfaceOrientations_iPad = "UIInterfaceOrientationPortrait UIInterfaceOrientationPortraitUpsideDown UIInterfaceOrientationLandscapeLeft UIInterfaceOrientationLandscapeRight";
				INFOPLIST_KEY_UISupportedInterfaceOrientations_iPhone = "UIInterfaceOrientationPortrait UIInterfaceOrientationLandscapeLeft UIInterfaceOrientationLandscapeRight";
				LD_RUNPATH_SEARCH_PATHS = (
					"$(inherited)",
					"@executable_path/Frameworks",
				);
				MARKETING_VERSION = 1.0;
				PRODUCT_BUNDLE_IDENTIFIER = vivianzhou.EducationalApp;
				PRODUCT_NAME = "$(TARGET_NAME)";
				SWIFT_EMIT_LOC_STRINGS = YES;
				SWIFT_VERSION = 5.0;
				TARGETED_DEVICE_FAMILY = "1,2";
			};
			name = Release;
		};
/* End XCBuildConfiguration section */

/* Begin XCConfigurationList section */
		AC9991DD2A377FEB00FD7AB0 /* Build configuration list for PBXProject "EducationalApp" */ = {
			isa = XCConfigurationList;
			buildConfigurations = (
				AC9991F42A377FEC00FD7AB0 /* Debug */,
				AC9991F52A377FEC00FD7AB0 /* Release */,
			);
			defaultConfigurationIsVisible = 0;
			defaultConfigurationName = Release;
		};
		AC9991F62A377FEC00FD7AB0 /* Build configuration list for PBXNativeTarget "EducationalApp" */ = {
			isa = XCConfigurationList;
			buildConfigurations = (
				AC9991F72A377FEC00FD7AB0 /* Debug */,
				AC9991F82A377FEC00FD7AB0 /* Release */,
			);
			defaultConfigurationIsVisible = 0;
			defaultConfigurationName = Release;
		};
/* End XCConfigurationList section */
	};
	rootObject = AC9991DA2A377FEB00FD7AB0 /* Project object */;
}
